
Microsoft Visual Studio Solution File, Format Version 12.00
Project("{2150E333-8FDC-42A3-9474-1A3956D46DE8}") = "docs", "docs", "{6A8BAB71-1BFB-3DAE-F247-E0286DA35E0D}"
	ProjectSection(SolutionItems) = preProject
		docs\mkdocs.yml = docs\mkdocs.yml
	EndProjectSection
EndProject
Project("{2150E333-8FDC-42A3-9474-1A3956D46DE8}") = "content", "content", "{59635B62-6F25-00AC-CA00-914C48DF7646}"
	ProjectSection(SolutionItems) = preProject
		docs\content\index.md = docs\content\index.md
		docs\content\about.md = docs\content\about.md
	EndProjectSection
EndProject
Project("{2150E333-8FDC-42A3-9474-1A3956D46DE8}") = "started", "started", "{BF57117C-8029-8F2E-94D9-CAE17A247521}"
	ProjectSection(SolutionItems) = preProject
		docs\content\started\development-process.md = docs\content\started\development-process.md
		docs\content\started\getting-started.md = docs\content\started\getting-started.md
		docs\content\started\project-structure.md = docs\content\started\project-structure.md
	EndProjectSection
EndProject
Project("{2150E333-8FDC-42A3-9474-1A3956D46DE8}") = "framework", "framework", "{7D8678F1-87A2-AE9C-0F60-630A6A2DA174}"
EndProject
Project("{FAE04EC0-301F-11D3-BF4B-00C04F79EFBC}") = "Ran.Core", "framework\Ran.Core\Ran.Core.csproj", "{4B67E599-A1C9-8976-50B6-1567D157471F}"
EndProject
Project("{FAE04EC0-301F-11D3-BF4B-00C04F79EFBC}") = "Ran.Ddd.Application.Abstractions", "framework\Ran.Ddd.Application.Abstractions\Ran.Ddd.Application.Abstractions.csproj", "{CE4BB540-4B0B-E996-5CD8-818587CE5EF2}"
EndProject
Project("{FAE04EC0-301F-11D3-BF4B-00C04F79EFBC}") = "Ran.Ddd.Application", "framework\Ran.Ddd.Application\Ran.Ddd.Application.csproj", "{536590EA-BEEC-BC34-20B4-CCEFBB5D0BEB}"
EndProject
Project("{FAE04EC0-301F-11D3-BF4B-00C04F79EFBC}") = "Ran.Ddd.Domain.Abstractions", "framework\Ran.Ddd.Domain.Abstractions\Ran.Ddd.Domain.Abstractions.csproj", "{3189BDFF-5B49-5388-7B43-37DB960673AA}"
EndProject
Project("{FAE04EC0-301F-11D3-BF4B-00C04F79EFBC}") = "Ran.Ddd.Domain", "framework\Ran.Ddd.Domain\Ran.Ddd.Domain.csproj", "{A00253FA-A447-D9E0-EB2F-245E9C94FE76}"
EndProject
Project("{FAE04EC0-301F-11D3-BF4B-00C04F79EFBC}") = "Ran.Ddd.EntityFramework", "framework\Ran.Ddd.EntityFramework\Ran.Ddd.EntityFramework.csproj", "{A1D6200D-AA9B-641E-0D11-5B8978F1072C}"
EndProject
Project("{FAE04EC0-301F-11D3-BF4B-00C04F79EFBC}") = "Ran.EventBus.Abstractions", "framework\Ran.EventBus.Abstractions\Ran.EventBus.Abstractions.csproj", "{B95DB258-1543-BB34-8694-FC954CFEAF58}"
EndProject
Project("{FAE04EC0-301F-11D3-BF4B-00C04F79EFBC}") = "Ran.EventBus", "framework\Ran.EventBus\Ran.EventBus.csproj", "{A5BE1C3F-C223-2D3F-399C-32C5B383B90A}"
EndProject
Project("{FAE04EC0-301F-11D3-BF4B-00C04F79EFBC}") = "Ran.Serilog.Sinks.Mysql", "framework\Ran.Serilog.Sinks.Mysql\Ran.Serilog.Sinks.Mysql.csproj", "{27E678A7-5D86-DE36-ED6D-06801D7EE6AA}"
EndProject
Project("{2150E333-8FDC-42A3-9474-1A3956D46DE8}") = "modules", "modules", "{5D488045-2A48-3790-AF94-F68AF98ADF23}"
EndProject
Project("{2150E333-8FDC-42A3-9474-1A3956D46DE8}") = "services", "services", "{79AA7A3E-1A60-B5D9-77F3-33A67D082C37}"
EndProject
Project("{2150E333-8FDC-42A3-9474-1A3956D46DE8}") = "src", "src", "{6CC44CA3-6546-3CAC-6217-43EAEA56A896}"
EndProject
Project("{FAE04EC0-301F-11D3-BF4B-00C04F79EFBC}") = "Application", "services\src\Application\Application.csproj", "{4E136E6C-55DB-A51B-F881-C1BC0A616C39}"
EndProject
Project("{FAE04EC0-301F-11D3-BF4B-00C04F79EFBC}") = "Domain", "services\src\Domain\Domain.csproj", "{43F2AF95-CCD0-6A5D-9569-D9C3762BD3FA}"
EndProject
Project("{FAE04EC0-301F-11D3-BF4B-00C04F79EFBC}") = "Infrastructure", "services\src\Infrastructure\Infrastructure.csproj", "{3E75C1D8-81F0-11C9-5BA8-CA95F3DB7A98}"
EndProject
Project("{FAE04EC0-301F-11D3-BF4B-00C04F79EFBC}") = "Web", "services\src\Web\Web.csproj", "{8A9382AD-5FEC-72B9-8A7A-644CD9C2173F}"
EndProject
Project("{2150E333-8FDC-42A3-9474-1A3956D46DE8}") = "test", "test", "{5976825C-1F07-DFB8-8FA7-0D5506F9E311}"
EndProject
Project("{2150E333-8FDC-42A3-9474-1A3956D46DE8}") = "solution Items", "solution Items", "{7FA2A88B-669B-C252-8719-4FCB3BA75E67}"
	ProjectSection(SolutionItems) = preProject
		.gitignore = .gitignore
		Directory.Build.props = Directory.Build.props
		Directory.Packages.props = Directory.Packages.props
		README.md = README.md
		README_CN.md = README_CN.md
		global.json = global.json
	EndProjectSection
EndProject
Global
	GlobalSection(SolutionConfigurationPlatforms) = preSolution
		Debug|Any CPU = Debug|Any CPU
		Release|Any CPU = Release|Any CPU
	EndGlobalSection
	GlobalSection(ProjectConfigurationPlatforms) = postSolution
		{4B67E599-A1C9-8976-50B6-1567D157471F}.Debug|Any CPU.ActiveCfg = Debug|Any CPU
		{4B67E599-A1C9-8976-50B6-1567D157471F}.Debug|Any CPU.Build.0 = Debug|Any CPU
		{4B67E599-A1C9-8976-50B6-1567D157471F}.Release|Any CPU.ActiveCfg = Release|Any CPU
		{4B67E599-A1C9-8976-50B6-1567D157471F}.Release|Any CPU.Build.0 = Release|Any CPU
		{CE4BB540-4B0B-E996-5CD8-818587CE5EF2}.Debug|Any CPU.ActiveCfg = Debug|Any CPU
		{CE4BB540-4B0B-E996-5CD8-818587CE5EF2}.Debug|Any CPU.Build.0 = Debug|Any CPU
		{CE4BB540-4B0B-E996-5CD8-818587CE5EF2}.Release|Any CPU.ActiveCfg = Release|Any CPU
		{CE4BB540-4B0B-E996-5CD8-818587CE5EF2}.Release|Any CPU.Build.0 = Release|Any CPU
		{536590EA-BEEC-BC34-20B4-CCEFBB5D0BEB}.Debug|Any CPU.ActiveCfg = Debug|Any CPU
		{536590EA-BEEC-BC34-20B4-CCEFBB5D0BEB}.Debug|Any CPU.Build.0 = Debug|Any CPU
		{536590EA-BEEC-BC34-20B4-CCEFBB5D0BEB}.Release|Any CPU.ActiveCfg = Release|Any CPU
		{536590EA-BEEC-BC34-20B4-CCEFBB5D0BEB}.Release|Any CPU.Build.0 = Release|Any CPU
		{3189BDFF-5B49-5388-7B43-37DB960673AA}.Debug|Any CPU.ActiveCfg = Debug|Any CPU
		{3189BDFF-5B49-5388-7B43-37DB960673AA}.Debug|Any CPU.Build.0 = Debug|Any CPU
		{3189BDFF-5B49-5388-7B43-37DB960673AA}.Release|Any CPU.ActiveCfg = Release|Any CPU
		{3189BDFF-5B49-5388-7B43-37DB960673AA}.Release|Any CPU.Build.0 = Release|Any CPU
		{A00253FA-A447-D9E0-EB2F-245E9C94FE76}.Debug|Any CPU.ActiveCfg = Debug|Any CPU
		{A00253FA-A447-D9E0-EB2F-245E9C94FE76}.Debug|Any CPU.Build.0 = Debug|Any CPU
		{A00253FA-A447-D9E0-EB2F-245E9C94FE76}.Release|Any CPU.ActiveCfg = Release|Any CPU
		{A00253FA-A447-D9E0-EB2F-245E9C94FE76}.Release|Any CPU.Build.0 = Release|Any CPU
		{A1D6200D-AA9B-641E-0D11-5B8978F1072C}.Debug|Any CPU.ActiveCfg = Debug|Any CPU
		{A1D6200D-AA9B-641E-0D11-5B8978F1072C}.Debug|Any CPU.Build.0 = Debug|Any CPU
		{A1D6200D-AA9B-641E-0D11-5B8978F1072C}.Release|Any CPU.ActiveCfg = Release|Any CPU
		{A1D6200D-AA9B-641E-0D11-5B8978F1072C}.Release|Any CPU.Build.0 = Release|Any CPU
		{B95DB258-1543-BB34-8694-FC954CFEAF58}.Debug|Any CPU.ActiveCfg = Debug|Any CPU
		{B95DB258-1543-BB34-8694-FC954CFEAF58}.Debug|Any CPU.Build.0 = Debug|Any CPU
		{B95DB258-1543-BB34-8694-FC954CFEAF58}.Release|Any CPU.ActiveCfg = Release|Any CPU
		{B95DB258-1543-BB34-8694-FC954CFEAF58}.Release|Any CPU.Build.0 = Release|Any CPU
		{A5BE1C3F-C223-2D3F-399C-32C5B383B90A}.Debug|Any CPU.ActiveCfg = Debug|Any CPU
		{A5BE1C3F-C223-2D3F-399C-32C5B383B90A}.Debug|Any CPU.Build.0 = Debug|Any CPU
		{A5BE1C3F-C223-2D3F-399C-32C5B383B90A}.Release|Any CPU.ActiveCfg = Release|Any CPU
		{A5BE1C3F-C223-2D3F-399C-32C5B383B90A}.Release|Any CPU.Build.0 = Release|Any CPU
		{27E678A7-5D86-DE36-ED6D-06801D7EE6AA}.Debug|Any CPU.ActiveCfg = Debug|Any CPU
		{27E678A7-5D86-DE36-ED6D-06801D7EE6AA}.Debug|Any CPU.Build.0 = Debug|Any CPU
		{27E678A7-5D86-DE36-ED6D-06801D7EE6AA}.Release|Any CPU.ActiveCfg = Release|Any CPU
		{27E678A7-5D86-DE36-ED6D-06801D7EE6AA}.Release|Any CPU.Build.0 = Release|Any CPU
		{4E136E6C-55DB-A51B-F881-C1BC0A616C39}.Debug|Any CPU.ActiveCfg = Debug|Any CPU
		{4E136E6C-55DB-A51B-F881-C1BC0A616C39}.Debug|Any CPU.Build.0 = Debug|Any CPU
		{4E136E6C-55DB-A51B-F881-C1BC0A616C39}.Release|Any CPU.ActiveCfg = Release|Any CPU
		{4E136E6C-55DB-A51B-F881-C1BC0A616C39}.Release|Any CPU.Build.0 = Release|Any CPU
		{43F2AF95-CCD0-6A5D-9569-D9C3762BD3FA}.Debug|Any CPU.ActiveCfg = Debug|Any CPU
		{43F2AF95-CCD0-6A5D-9569-D9C3762BD3FA}.Debug|Any CPU.Build.0 = Debug|Any CPU
		{43F2AF95-CCD0-6A5D-9569-D9C3762BD3FA}.Release|Any CPU.ActiveCfg = Release|Any CPU
		{43F2AF95-CCD0-6A5D-9569-D9C3762BD3FA}.Release|Any CPU.Build.0 = Release|Any CPU
		{3E75C1D8-81F0-11C9-5BA8-CA95F3DB7A98}.Debug|Any CPU.ActiveCfg = Debug|Any CPU
		{3E75C1D8-81F0-11C9-5BA8-CA95F3DB7A98}.Debug|Any CPU.Build.0 = Debug|Any CPU
		{3E75C1D8-81F0-11C9-5BA8-CA95F3DB7A98}.Release|Any CPU.ActiveCfg = Release|Any CPU
		{3E75C1D8-81F0-11C9-5BA8-CA95F3DB7A98}.Release|Any CPU.Build.0 = Release|Any CPU
		{8A9382AD-5FEC-72B9-8A7A-644CD9C2173F}.Debug|Any CPU.ActiveCfg = Debug|Any CPU
		{8A9382AD-5FEC-72B9-8A7A-644CD9C2173F}.Debug|Any CPU.Build.0 = Debug|Any CPU
		{8A9382AD-5FEC-72B9-8A7A-644CD9C2173F}.Release|Any CPU.ActiveCfg = Release|Any CPU
		{8A9382AD-5FEC-72B9-8A7A-644CD9C2173F}.Release|Any CPU.Build.0 = Release|Any CPU
	EndGlobalSection
	GlobalSection(NestedProjects) = preSolution
		{59635B62-6F25-00AC-CA00-914C48DF7646} = {6A8BAB71-1BFB-3DAE-F247-E0286DA35E0D}
		{BF57117C-8029-8F2E-94D9-CAE17A247521} = {59635B62-6F25-00AC-CA00-914C48DF7646}
		{4B67E599-A1C9-8976-50B6-1567D157471F} = {7D8678F1-87A2-AE9C-0F60-630A6A2DA174}
		{CE4BB540-4B0B-E996-5CD8-818587CE5EF2} = {7D8678F1-87A2-AE9C-0F60-630A6A2DA174}
		{536590EA-BEEC-BC34-20B4-CCEFBB5D0BEB} = {7D8678F1-87A2-AE9C-0F60-630A6A2DA174}
		{3189BDFF-5B49-5388-7B43-37DB960673AA} = {7D8678F1-87A2-AE9C-0F60-630A6A2DA174}
		{A00253FA-A447-D9E0-EB2F-245E9C94FE76} = {7D8678F1-87A2-AE9C-0F60-630A6A2DA174}
		{A1D6200D-AA9B-641E-0D11-5B8978F1072C} = {7D8678F1-87A2-AE9C-0F60-630A6A2DA174}
		{B95DB258-1543-BB34-8694-FC954CFEAF58} = {7D8678F1-87A2-AE9C-0F60-630A6A2DA174}
		{A5BE1C3F-C223-2D3F-399C-32C5B383B90A} = {7D8678F1-87A2-AE9C-0F60-630A6A2DA174}
		{27E678A7-5D86-DE36-ED6D-06801D7EE6AA} = {7D8678F1-87A2-AE9C-0F60-630A6A2DA174}
		{6CC44CA3-6546-3CAC-6217-43EAEA56A896} = {79AA7A3E-1A60-B5D9-77F3-33A67D082C37}
		{5976825C-1F07-DFB8-8FA7-0D5506F9E311} = {79AA7A3E-1A60-B5D9-77F3-33A67D082C37}
		{4E136E6C-55DB-A51B-F881-C1BC0A616C39} = {6CC44CA3-6546-3CAC-6217-43EAEA56A896}
		{43F2AF95-CCD0-6A5D-9569-D9C3762BD3FA} = {6CC44CA3-6546-3CAC-6217-43EAEA56A896}
		{3E75C1D8-81F0-11C9-5BA8-CA95F3DB7A98} = {6CC44CA3-6546-3CAC-6217-43EAEA56A896}
		{8A9382AD-5FEC-72B9-8A7A-644CD9C2173F} = {6CC44CA3-6546-3CAC-6217-43EAEA56A896}
	EndGlobalSection
EndGlobal
